Microsoft Visual Studio Solution File, Format Version 12.00
# Visual Studio 14
VisualStudioVersion = 14.0.25420.1
MinimumVisualStudioVersion = 10.0.40219.1
Project("{8BC9CEB8-8B4A-11D0-8D11-00A0C91BC942}") = "Hello World Static", "samples\hello_world\hello_2015.vcxproj", "{D38CA533-D522-4D9E-B2C9-D59F6C415268}"
EndProject
Project("{8BC9CEB8-8B4A-11D0-8D11-00A0C91BC942}") = "PTLib Static", "src\ptlib\msos\Console_2015.vcxproj", "{D11E1C9D-406C-4D7C-8F37-913C0BFD9E0D}"
EndProject
Project("{8BC9CEB8-8B4A-11D0-8D11-00A0C91BC942}") = "PTLib DLL", "src\ptlib\msos\PTLib_2015.vcxproj", "{85F4F26A-1A5D-4685-A48A-448102C5C5BC}"
EndProject
Project("{8BC9CEB8-8B4A-11D0-8D11-00A0C91BC942}") = "Hello World DLL", "samples\hello_world\helloDLL_2015.vcxproj", "{86680AA2-ACF3-4247-AF25-8E3D80855868}"
EndProject
Project("{8BC9CEB8-8B4A-11D0-8D11-00A0C91BC942}") = "HTTP Test", "samples\httptest\httptest_2015.vcxproj", "{80FCA725-BB88-D3DB-576E-FCF906C5571C}"
EndProject
Project("{8BC9CEB8-8B4A-11D0-8D11-00A0C91BC942}") = "Asynch Test", "samples\asynctest\asynctest_2015.vcxproj", "{8B9797B5-8D88-1E7B-0E06-223354997E72}"
EndProject
Project("{8BC9CEB8-8B4A-11D0-8D11-00A0C91BC942}") = "URL", "samples\url\url_2015.vcxproj", "{632862F3-8191-410B-B824-A4A5DF6E4E15}"
EndProject
Project("{8BC9CEB8-8B4A-11D0-8D11-00A0C91BC942}") = "map_dict", "samples\map_dict\map_dict_2015.vcxproj", "{3C48777B-D020-425B-AB6F-3A4ED02640C2}"
EndProject
Project("{8BC9CEB8-8B4A-11D0-8D11-00A0C91BC942}") = "stunclient", "samples\stunclient\stunclient_2015.vcxproj", "{D0C00ADD-544B-4922-AB52-14415894D684}"
EndProject
Project("{8BC9CEB8-8B4A-11D0-8D11-00A0C91BC942}") = "String Tests", "samples\strtest\strtest_2015.vcxproj", "{D5C26968-27A2-5862-ADC1-39610E0AF50E}"
EndProject
Project("{8BC9CEB8-8B4A-11D0-8D11-00A0C91BC942}") = "timing", "samples\timing\timing_2015.vcxproj", "{6766F4B9-E8F3-4BA9-8ECF-46361BD1CB97}"
EndProject
Project("{8BC9CEB8-8B4A-11D0-8D11-00A0C91BC942}") = "wavfile", "samples\wavfile\wavfile_2015.vcxproj", "{042020F3-F4F1-4C93-A7FA-DE67E1B3212D}"
EndProject
Project("{8BC9CEB8-8B4A-11D0-8D11-00A0C91BC942}") = "dnstest", "samples\dnstest\dnstest_2015.vcxproj", "{5EA556B2-5A78-46D7-98A2-B0E3498ABCD1}"
EndProject
Project("{8BC9CEB8-8B4A-11D0-8D11-00A0C91BC942}") = "Lua", "samples\lua\lua_2015.vcxproj", "{5F22CAC8-2318-4786-65D3-12CC9A026BD6}"
EndProject
Project("{8BC9CEB8-8B4A-11D0-8D11-00A0C91BC942}") = "ODBC", "samples\ODBC\odbc_2015.vcxproj", "{69AD9A89-A1C1-3E75-23E4-AA7D1832DA7B}"
EndProject
Project("{8BC9CEB8-8B4A-11D0-8D11-00A0C91BC942}") = "JavaScript", "samples\javascript\javascript_2015.vcxproj", "{45E06E4E-62D2-9590-405E-1A76C072F5D8}"
EndProject
Project("{8BC9CEB8-8B4A-11D0-8D11-00A0C91BC942}") = "vxmltest", "samples\vxmltest\vxmltest_2015.vcxproj", "{7E636B64-DA9D-4711-9F5D-4E1C2EFA8DB2}"
EndProject
Project("{8BC9CEB8-8B4A-11D0-8D11-00A0C91BC942}") = "xmlrpc", "samples\xmlrpc\xmlrpc_2015.vcxproj", "{435616F1-7BA5-4DF5-9108-879BE511F5A1}"
EndProject
Project("{8BC9CEB8-8B4A-11D0-8D11-00A0C91BC942}") = "XMPP Console", "samples\xmppconsole\xmppconsole_2015.vcxproj", "{69150BC5-0FB3-A95A-8F96-0715AC57D34B}"
EndProject
Project("{8BC9CEB8-8B4A-11D0-8D11-00A0C91BC942}") = "SortedListTest", "samples\sortedlist\SortedListTest_2015.vcxproj", "{87578277-AE7F-4B03-A8F8-EBB301EB4EC8}"
EndProject
Project("{8BC9CEB8-8B4A-11D0-8D11-00A0C91BC942}") = "Ethernet", "samples\ether\ether_2015.vcxproj", "{0CE89CDE-443C-4D09-8CEA-DE61170AB44A}"
EndProject
Project("{8BC9CEB8-8B4A-11D0-8D11-00A0C91BC942}") = "vidtest", "samples\vidtest\vidtest_2015.vcxproj", "{4F412B34-84BD-4FF9-B64D-81D7A5BBA99B}"
EndProject
Project("{8BC9CEB8-8B4A-11D0-8D11-00A0C91BC942}") = "Audio Test", "samples\audio\audio_2015.vcxproj", "{49F24456-6B80-42C8-88C0-CB30C5E9CF54}"
EndProject
Project("{8BC9CEB8-8B4A-11D0-8D11-00A0C91BC942}") = "Network Interfaces", "samples\netif\netif_2015.vcxproj", "{94CDC619-B4DB-42E7-9B69-E33FDA1D3482}"
EndProject
Project("{8BC9CEB8-8B4A-11D0-8D11-00A0C91BC942}") = "PTLib Timers", "samples\ptimer\ptimer_2015.vcxproj", "{93969422-D25F-4C89-A24E-B6B3AC597380}"
EndProject
Project("{8BC9CEB8-8B4A-11D0-8D11-00A0C91BC942}") = "E-Mail Test", "samples\emailtest\emailtest_2015.vcxproj", "{F9A6DEF5-0329-4651-B05C-A3FAE105CA4E}"
EndProject
Project("{8BC9CEB8-8B4A-11D0-8D11-00A0C91BC942}") = "JSON Test", "samples\json\json_2015.vcxproj", "{8298F530-F757-4E34-A6A5-DCCEEF9FC842}"
EndProject
Project("{8BC9CEB8-8B4A-11D0-8D11-00A0C91BC942}") = "Media File Test", "samples\mediafile\mediafile_2015.vcxproj", "{7E93C0CA-6DE9-4CD4-B22D-19A1BA8B02A9}"
EndProject
Global
	GlobalSection(SolutionConfigurationPlatforms) = preSolution
		Debug|Win32 = Debug|Win32
		Debug|x64 = Debug|x64
		No Trace|Win32 = No Trace|Win32
		No Trace|x64 = No Trace|x64
		Release|Win32 = Release|Win32
		Release|x64 = Release|x64
	EndGlobalSection
	GlobalSection(ProjectConfigurationPlatforms) = postSolution
		{D38CA533-D522-4D9E-B2C9-D59F6C415268}.Debug|Win32.ActiveCfg = Debug|Win32
		{D38CA533-D522-4D9E-B2C9-D59F6C415268}.Debug|Win32.Build.0 = Debug|Win32
		{D38CA533-D522-4D9E-B2C9-D59F6C415268}.Debug|x64.ActiveCfg = Debug|x64
		{D38CA533-D522-4D9E-B2C9-D59F6C415268}.Debug|x64.Build.0 = Debug|x64
		{D38CA533-D522-4D9E-B2C9-D59F6C415268}.No Trace|Win32.ActiveCfg = No Trace|Win32
		{D38CA533-D522-4D9E-B2C9-D59F6C415268}.No Trace|Win32.Build.0 = No Trace|Win32
		{D38CA533-D522-4D9E-B2C9-D59F6C415268}.No Trace|x64.ActiveCfg = No Trace|x64
		{D38CA533-D522-4D9E-B2C9-D59F6C415268}.No Trace|x64.Build.0 = No Trace|x64
		{D38CA533-D522-4D9E-B2C9-D59F6C415268}.Release|Win32.ActiveCfg = Release|Win32
		{D38CA533-D522-4D9E-B2C9-D59F6C415268}.Release|Win32.Build.0 = Release|Win32
		{D38CA533-D522-4D9E-B2C9-D59F6C415268}.Release|x64.ActiveCfg = Release|x64
		{D38CA533-D522-4D9E-B2C9-D59F6C415268}.Release|x64.Build.0 = Release|x64
		{D11E1C9D-406C-4D7C-8F37-913C0BFD9E0D}.Debug|Win32.ActiveCfg = Debug|Win32
		{D11E1C9D-406C-4D7C-8F37-913C0BFD9E0D}.Debug|Win32.Build.0 = Debug|Win32
		{D11E1C9D-406C-4D7C-8F37-913C0BFD9E0D}.Debug|x64.ActiveCfg = Debug|x64
		{D11E1C9D-406C-4D7C-8F37-913C0BFD9E0D}.Debug|x64.Build.0 = Debug|x64
		{D11E1C9D-406C-4D7C-8F37-913C0BFD9E0D}.No Trace|Win32.ActiveCfg = No Trace|Win32
		{D11E1C9D-406C-4D7C-8F37-913C0BFD9E0D}.No Trace|Win32.Build.0 = No Trace|Win32
		{D11E1C9D-406C-4D7C-8F37-913C0BFD9E0D}.No Trace|x64.ActiveCfg = No Trace|x64
		{D11E1C9D-406C-4D7C-8F37-913C0BFD9E0D}.No Trace|x64.Build.0 = No Trace|x64
		{D11E1C9D-406C-4D7C-8F37-913C0BFD9E0D}.Release|Win32.ActiveCfg = Release|Win32
		{D11E1C9D-406C-4D7C-8F37-913C0BFD9E0D}.Release|Win32.Build.0 = Release|Win32
		{D11E1C9D-406C-4D7C-8F37-913C0BFD9E0D}.Release|x64.ActiveCfg = Release|x64
		{D11E1C9D-406C-4D7C-8F37-913C0BFD9E0D}.Release|x64.Build.0 = Release|x64
		{85F4F26A-1A5D-4685-A48A-448102C5C5BC}.Debug|Win32.ActiveCfg = Debug|Win32
		{85F4F26A-1A5D-4685-A48A-448102C5C5BC}.Debug|Win32.Build.0 = Debug|Win32
		{85F4F26A-1A5D-4685-A48A-448102C5C5BC}.Debug|x64.ActiveCfg = Debug|x64
		{85F4F26A-1A5D-4685-A48A-448102C5C5BC}.Debug|x64.Build.0 = Debug|x64
		{85F4F26A-1A5D-4685-A48A-448102C5C5BC}.No Trace|Win32.ActiveCfg = No Trace|Win32
		{85F4F26A-1A5D-4685-A48A-448102C5C5BC}.No Trace|Win32.Build.0 = No Trace|Win32
		{85F4F26A-1A5D-4685-A48A-448102C5C5BC}.No Trace|x64.ActiveCfg = No Trace|x64
		{85F4F26A-1A5D-4685-A48A-448102C5C5BC}.No Trace|x64.Build.0 = No Trace|x64
		{85F4F26A-1A5D-4685-A48A-448102C5C5BC}.Release|Win32.ActiveCfg = Release|Win32
		{85F4F26A-1A5D-4685-A48A-448102C5C5BC}.Release|Win32.Build.0 = Release|Win32
		{85F4F26A-1A5D-4685-A48A-448102C5C5BC}.Release|x64.ActiveCfg = Release|x64
		{85F4F26A-1A5D-4685-A48A-448102C5C5BC}.Release|x64.Build.0 = Release|x64
		{86680AA2-ACF3-4247-AF25-8E3D80855868}.Debug|Win32.ActiveCfg = Debug|Win32
		{86680AA2-ACF3-4247-AF25-8E3D80855868}.Debug|Win32.Build.0 = Debug|Win32
		{86680AA2-ACF3-4247-AF25-8E3D80855868}.Debug|x64.ActiveCfg = Debug|x64
		{86680AA2-ACF3-4247-AF25-8E3D80855868}.Debug|x64.Build.0 = Debug|x64
		{86680AA2-ACF3-4247-AF25-8E3D80855868}.No Trace|Win32.ActiveCfg = No Trace|Win32
		{86680AA2-ACF3-4247-AF25-8E3D80855868}.No Trace|Win32.Build.0 = No Trace|Win32
		{86680AA2-ACF3-4247-AF25-8E3D80855868}.No Trace|x64.ActiveCfg = No Trace|x64
		{86680AA2-ACF3-4247-AF25-8E3D80855868}.No Trace|x64.Build.0 = No Trace|x64
		{86680AA2-ACF3-4247-AF25-8E3D80855868}.Release|Win32.ActiveCfg = Release|Win32
		{86680AA2-ACF3-4247-AF25-8E3D80855868}.Release|Win32.Build.0 = Release|Win32
		{86680AA2-ACF3-4247-AF25-8E3D80855868}.Release|x64.ActiveCfg = Release|x64
		{86680AA2-ACF3-4247-AF25-8E3D80855868}.Release|x64.Build.0 = Release|x64
		{80FCA725-BB88-D3DB-576E-FCF906C5571C}.Debug|Win32.ActiveCfg = Debug|Win32
		{80FCA725-BB88-D3DB-576E-FCF906C5571C}.Debug|Win32.Build.0 = Debug|Win32
		{80FCA725-BB88-D3DB-576E-FCF906C5571C}.Debug|x64.ActiveCfg = Debug|x64
		{80FCA725-BB88-D3DB-576E-FCF906C5571C}.Debug|x64.Build.0 = Debug|x64
		{80FCA725-BB88-D3DB-576E-FCF906C5571C}.No Trace|Win32.ActiveCfg = No Trace|Win32
		{80FCA725-BB88-D3DB-576E-FCF906C5571C}.No Trace|Win32.Build.0 = No Trace|Win32
		{80FCA725-BB88-D3DB-576E-FCF906C5571C}.No Trace|x64.ActiveCfg = No Trace|x64
		{80FCA725-BB88-D3DB-576E-FCF906C5571C}.No Trace|x64.Build.0 = No Trace|x64
		{80FCA725-BB88-D3DB-576E-FCF906C5571C}.Release|Win32.ActiveCfg = Release|Win32
		{80FCA725-BB88-D3DB-576E-FCF906C5571C}.Release|Win32.Build.0 = Release|Win32
		{80FCA725-BB88-D3DB-576E-FCF906C5571C}.Release|x64.ActiveCfg = Release|x64
		{80FCA725-BB88-D3DB-576E-FCF906C5571C}.Release|x64.Build.0 = Release|x64
		{8B9797B5-8D88-1E7B-0E06-223354997E72}.Debug|Win32.ActiveCfg = Debug|Win32
		{8B9797B5-8D88-1E7B-0E06-223354997E72}.Debug|Win32.Build.0 = Debug|Win32
		{8B9797B5-8D88-1E7B-0E06-223354997E72}.Debug|x64.ActiveCfg = Debug|x64
		{8B9797B5-8D88-1E7B-0E06-223354997E72}.Debug|x64.Build.0 = Debug|x64
		{8B9797B5-8D88-1E7B-0E06-223354997E72}.No Trace|Win32.ActiveCfg = No Trace|Win32
		{8B9797B5-8D88-1E7B-0E06-223354997E72}.No Trace|Win32.Build.0 = No Trace|Win32
		{8B9797B5-8D88-1E7B-0E06-223354997E72}.No Trace|x64.ActiveCfg = No Trace|x64
		{8B9797B5-8D88-1E7B-0E06-223354997E72}.No Trace|x64.Build.0 = No Trace|x64
		{8B9797B5-8D88-1E7B-0E06-223354997E72}.Release|Win32.ActiveCfg = Release|Win32
		{8B9797B5-8D88-1E7B-0E06-223354997E72}.Release|Win32.Build.0 = Release|Win32
		{8B9797B5-8D88-1E7B-0E06-223354997E72}.Release|x64.ActiveCfg = Release|x64
		{8B9797B5-8D88-1E7B-0E06-223354997E72}.Release|x64.Build.0 = Release|x64
		{632862F3-8191-410B-B824-A4A5DF6E4E15}.Debug|Win32.ActiveCfg = Debug|Win32
		{632862F3-8191-410B-B824-A4A5DF6E4E15}.Debug|Win32.Build.0 = Debug|Win32
		{632862F3-8191-410B-B824-A4A5DF6E4E15}.Debug|x64.ActiveCfg = Debug|x64
		{632862F3-8191-410B-B824-A4A5DF6E4E15}.Debug|x64.Build.0 = Debug|x64
		{632862F3-8191-410B-B824-A4A5DF6E4E15}.No Trace|Win32.ActiveCfg = No Trace|Win32
		{632862F3-8191-410B-B824-A4A5DF6E4E15}.No Trace|Win32.Build.0 = No Trace|Win32
		{632862F3-8191-410B-B824-A4A5DF6E4E15}.No Trace|x64.ActiveCfg = No Trace|x64
		{632862F3-8191-410B-B824-A4A5DF6E4E15}.No Trace|x64.Build.0 = No Trace|x64
		{632862F3-8191-410B-B824-A4A5DF6E4E15}.Release|Win32.ActiveCfg = Release|Win32
		{632862F3-8191-410B-B824-A4A5DF6E4E15}.Release|Win32.Build.0 = Release|Win32
		{632862F3-8191-410B-B824-A4A5DF6E4E15}.Release|x64.ActiveCfg = Release|x64
		{632862F3-8191-410B-B824-A4A5DF6E4E15}.Release|x64.Build.0 = Release|x64
		{3C48777B-D020-425B-AB6F-3A4ED02640C2}.Debug|Win32.ActiveCfg = Debug|Win32
		{3C48777B-D020-425B-AB6F-3A4ED02640C2}.Debug|Win32.Build.0 = Debug|Win32
		{3C48777B-D020-425B-AB6F-3A4ED02640C2}.Debug|x64.ActiveCfg = Debug|x64
		{3C48777B-D020-425B-AB6F-3A4ED02640C2}.Debug|x64.Build.0 = Debug|x64
		{3C48777B-D020-425B-AB6F-3A4ED02640C2}.No Trace|Win32.ActiveCfg = No Trace|Win32
		{3C48777B-D020-425B-AB6F-3A4ED02640C2}.No Trace|Win32.Build.0 = No Trace|Win32
		{3C48777B-D020-425B-AB6F-3A4ED02640C2}.No Trace|x64.ActiveCfg = No Trace|x64
		{3C48777B-D020-425B-AB6F-3A4ED02640C2}.No Trace|x64.Build.0 = No Trace|x64
		{3C48777B-D020-425B-AB6F-3A4ED02640C2}.Release|Win32.ActiveCfg = Release|Win32
		{3C48777B-D020-425B-AB6F-3A4ED02640C2}.Release|Win32.Build.0 = Release|Win32
		{3C48777B-D020-425B-AB6F-3A4ED02640C2}.Release|x64.ActiveCfg = Release|x64
		{3C48777B-D020-425B-AB6F-3A4ED02640C2}.Release|x64.Build.0 = Release|x64
		{D0C00ADD-544B-4922-AB52-14415894D684}.Debug|Win32.ActiveCfg = Debug|Win32
		{D0C00ADD-544B-4922-AB52-14415894D684}.Debug|Win32.Build.0 = Debug|Win32
		{D0C00ADD-544B-4922-AB52-14415894D684}.Debug|x64.ActiveCfg = Debug|x64
		{D0C00ADD-544B-4922-AB52-14415894D684}.Debug|x64.Build.0 = Debug|x64
		{D0C00ADD-544B-4922-AB52-14415894D684}.No Trace|Win32.ActiveCfg = No Trace|Win32
		{D0C00ADD-544B-4922-AB52-14415894D684}.No Trace|Win32.Build.0 = No Trace|Win32
		{D0C00ADD-544B-4922-AB52-14415894D684}.No Trace|x64.ActiveCfg = No Trace|x64
		{D0C00ADD-544B-4922-AB52-14415894D684}.No Trace|x64.Build.0 = No Trace|x64
		{D0C00ADD-544B-4922-AB52-14415894D684}.Release|Win32.ActiveCfg = Release|Win32
		{D0C00ADD-544B-4922-AB52-14415894D684}.Release|Win32.Build.0 = Release|Win32
		{D0C00ADD-544B-4922-AB52-14415894D684}.Release|x64.ActiveCfg = Release|x64
		{D0C00ADD-544B-4922-AB52-14415894D684}.Release|x64.Build.0 = Release|x64
		{D5C26968-27A2-5862-ADC1-39610E0AF50E}.Debug|Win32.ActiveCfg = Debug|Win32
		{D5C26968-27A2-5862-ADC1-39610E0AF50E}.Debug|Win32.Build.0 = Debug|Win32
		{D5C26968-27A2-5862-ADC1-39610E0AF50E}.Debug|x64.ActiveCfg = Debug|x64
		{D5C26968-27A2-5862-ADC1-39610E0AF50E}.Debug|x64.Build.0 = Debug|x64
		{D5C26968-27A2-5862-ADC1-39610E0AF50E}.No Trace|Win32.ActiveCfg = No Trace|Win32
		{D5C26968-27A2-5862-ADC1-39610E0AF50E}.No Trace|Win32.Build.0 = No Trace|Win32
		{D5C26968-27A2-5862-ADC1-39610E0AF50E}.No Trace|x64.ActiveCfg = No Trace|x64
		{D5C26968-27A2-5862-ADC1-39610E0AF50E}.No Trace|x64.Build.0 = No Trace|x64
		{D5C26968-27A2-5862-ADC1-39610E0AF50E}.Release|Win32.ActiveCfg = Release|Win32
		{D5C26968-27A2-5862-ADC1-39610E0AF50E}.Release|Win32.Build.0 = Release|Win32
		{D5C26968-27A2-5862-ADC1-39610E0AF50E}.Release|x64.ActiveCfg = Release|x64
		{D5C26968-27A2-5862-ADC1-39610E0AF50E}.Release|x64.Build.0 = Release|x64
		{6766F4B9-E8F3-4BA9-8ECF-46361BD1CB97}.Debug|Win32.ActiveCfg = Debug|Win32
		{6766F4B9-E8F3-4BA9-8ECF-46361BD1CB97}.Debug|Win32.Build.0 = Debug|Win32
		{6766F4B9-E8F3-4BA9-8ECF-46361BD1CB97}.Debug|x64.ActiveCfg = Debug|x64
		{6766F4B9-E8F3-4BA9-8ECF-46361BD1CB97}.Debug|x64.Build.0 = Debug|x64
		{6766F4B9-E8F3-4BA9-8ECF-46361BD1CB97}.No Trace|Win32.ActiveCfg = No Trace|Win32
		{6766F4B9-E8F3-4BA9-8ECF-46361BD1CB97}.No Trace|Win32.Build.0 = No Trace|Win32
		{6766F4B9-E8F3-4BA9-8ECF-46361BD1CB97}.No Trace|x64.ActiveCfg = No Trace|x64
		{6766F4B9-E8F3-4BA9-8ECF-46361BD1CB97}.No Trace|x64.Build.0 = No Trace|x64
		{6766F4B9-E8F3-4BA9-8ECF-46361BD1CB97}.Release|Win32.ActiveCfg = Release|Win32
		{6766F4B9-E8F3-4BA9-8ECF-46361BD1CB97}.Release|Win32.Build.0 = Release|Win32
		{6766F4B9-E8F3-4BA9-8ECF-46361BD1CB97}.Release|x64.ActiveCfg = Release|x64
		{6766F4B9-E8F3-4BA9-8ECF-46361BD1CB97}.Release|x64.Build.0 = Release|x64
		{042020F3-F4F1-4C93-A7FA-DE67E1B3212D}.Debug|Win32.ActiveCfg = Debug|Win32
		{042020F3-F4F1-4C93-A7FA-DE67E1B3212D}.Debug|Win32.Build.0 = Debug|Win32
		{042020F3-F4F1-4C93-A7FA-DE67E1B3212D}.Debug|x64.ActiveCfg = Debug|x64
		{042020F3-F4F1-4C93-A7FA-DE67E1B3212D}.Debug|x64.Build.0 = Debug|x64
		{042020F3-F4F1-4C93-A7FA-DE67E1B3212D}.No Trace|Win32.ActiveCfg = No Trace|Win32
		{042020F3-F4F1-4C93-A7FA-DE67E1B3212D}.No Trace|Win32.Build.0 = No Trace|Win32
		{042020F3-F4F1-4C93-A7FA-DE67E1B3212D}.No Trace|x64.ActiveCfg = No Trace|x64
		{042020F3-F4F1-4C93-A7FA-DE67E1B3212D}.No Trace|x64.Build.0 = No Trace|x64
		{042020F3-F4F1-4C93-A7FA-DE67E1B3212D}.Release|Win32.ActiveCfg = Release|Win32
		{042020F3-F4F1-4C93-A7FA-DE67E1B3212D}.Release|Win32.Build.0 = Release|Win32
		{042020F3-F4F1-4C93-A7FA-DE67E1B3212D}.Release|x64.ActiveCfg = Release|x64
		{042020F3-F4F1-4C93-A7FA-DE67E1B3212D}.Release|x64.Build.0 = Release|x64
		{5EA556B2-5A78-46D7-98A2-B0E3498ABCD1}.Debug|Win32.ActiveCfg = Debug|Win32
		{5EA556B2-5A78-46D7-98A2-B0E3498ABCD1}.Debug|Win32.Build.0 = Debug|Win32
		{5EA556B2-5A78-46D7-98A2-B0E3498ABCD1}.Debug|x64.ActiveCfg = Debug|x64
		{5EA556B2-5A78-46D7-98A2-B0E3498ABCD1}.Debug|x64.Build.0 = Debug|x64
		{5EA556B2-5A78-46D7-98A2-B0E3498ABCD1}.No Trace|Win32.ActiveCfg = No Trace|Win32
		{5EA556B2-5A78-46D7-98A2-B0E3498ABCD1}.No Trace|Win32.Build.0 = No Trace|Win32
		{5EA556B2-5A78-46D7-98A2-B0E3498ABCD1}.No Trace|x64.ActiveCfg = No Trace|x64
		{5EA556B2-5A78-46D7-98A2-B0E3498ABCD1}.No Trace|x64.Build.0 = No Trace|x64
		{5EA556B2-5A78-46D7-98A2-B0E3498ABCD1}.Release|Win32.ActiveCfg = Release|Win32
		{5EA556B2-5A78-46D7-98A2-B0E3498ABCD1}.Release|Win32.Build.0 = Release|Win32
		{5EA556B2-5A78-46D7-98A2-B0E3498ABCD1}.Release|x64.ActiveCfg = Release|x64
		{5EA556B2-5A78-46D7-98A2-B0E3498ABCD1}.Release|x64.Build.0 = Release|x64
		{5F22CAC8-2318-4786-65D3-12CC9A026BD6}.Debug|Win32.ActiveCfg = Debug|Win32
		{5F22CAC8-2318-4786-65D3-12CC9A026BD6}.Debug|Win32.Build.0 = Debug|Win32
		{5F22CAC8-2318-4786-65D3-12CC9A026BD6}.Debug|x64.ActiveCfg = Debug|x64
		{5F22CAC8-2318-4786-65D3-12CC9A026BD6}.No Trace|Win32.ActiveCfg = No Trace|Win32
		{5F22CAC8-2318-4786-65D3-12CC9A026BD6}.No Trace|Win32.Build.0 = No Trace|Win32
		{5F22CAC8-2318-4786-65D3-12CC9A026BD6}.No Trace|x64.ActiveCfg = No Trace|x64
		{5F22CAC8-2318-4786-65D3-12CC9A026BD6}.Release|Win32.ActiveCfg = Release|Win32
		{5F22CAC8-2318-4786-65D3-12CC9A026BD6}.Release|Win32.Build.0 = Release|Win32
		{5F22CAC8-2318-4786-65D3-12CC9A026BD6}.Release|x64.ActiveCfg = Release|x64
		{69AD9A89-A1C1-3E75-23E4-AA7D1832DA7B}.Debug|Win32.ActiveCfg = Debug|Win32
		{69AD9A89-A1C1-3E75-23E4-AA7D1832DA7B}.Debug|Win32.Build.0 = Debug|Win32
		{69AD9A89-A1C1-3E75-23E4-AA7D1832DA7B}.Debug|x64.ActiveCfg = Debug|x64
		{69AD9A89-A1C1-3E75-23E4-AA7D1832DA7B}.Debug|x64.Build.0 = Debug|x64
		{69AD9A89-A1C1-3E75-23E4-AA7D1832DA7B}.No Trace|Win32.ActiveCfg = No Trace|Win32
		{69AD9A89-A1C1-3E75-23E4-AA7D1832DA7B}.No Trace|Win32.Build.0 = No Trace|Win32
		{69AD9A89-A1C1-3E75-23E4-AA7D1832DA7B}.No Trace|x64.ActiveCfg = No Trace|x64
		{69AD9A89-A1C1-3E75-23E4-AA7D1832DA7B}.No Trace|x64.Build.0 = No Trace|x64
		{69AD9A89-A1C1-3E75-23E4-AA7D1832DA7B}.Release|Win32.ActiveCfg = Release|Win32
		{69AD9A89-A1C1-3E75-23E4-AA7D1832DA7B}.Release|Win32.Build.0 = Release|Win32
		{69AD9A89-A1C1-3E75-23E4-AA7D1832DA7B}.Release|x64.ActiveCfg = Release|x64
		{69AD9A89-A1C1-3E75-23E4-AA7D1832DA7B}.Release|x64.Build.0 = Release|x64
		{45E06E4E-62D2-9590-405E-1A76C072F5D8}.Debug|Win32.ActiveCfg = Debug|Win32
		{45E06E4E-62D2-9590-405E-1A76C072F5D8}.Debug|Win32.Build.0 = Debug|Win32
		{45E06E4E-62D2-9590-405E-1A76C072F5D8}.Debug|x64.ActiveCfg = Debug|x64
		{45E06E4E-62D2-9590-405E-1A76C072F5D8}.Debug|x64.Build.0 = Debug|x64
		{45E06E4E-62D2-9590-405E-1A76C072F5D8}.No Trace|Win32.ActiveCfg = No Trace|Win32
		{45E06E4E-62D2-9590-405E-1A76C072F5D8}.No Trace|Win32.Build.0 = No Trace|Win32
		{45E06E4E-62D2-9590-405E-1A76C072F5D8}.No Trace|x64.ActiveCfg = No Trace|x64
		{45E06E4E-62D2-9590-405E-1A76C072F5D8}.Release|Win32.ActiveCfg = Release|Win32
		{45E06E4E-62D2-9590-405E-1A76C072F5D8}.Release|Win32.Build.0 = Release|Win32
		{45E06E4E-62D2-9590-405E-1A76C072F5D8}.Release|x64.ActiveCfg = Release|x64
		{7E636B64-DA9D-4711-9F5D-4E1C2EFA8DB2}.Debug|Win32.ActiveCfg = Debug|Win32
		{7E636B64-DA9D-4711-9F5D-4E1C2EFA8DB2}.Debug|Win32.Build.0 = Debug|Win32
		{7E636B64-DA9D-4711-9F5D-4E1C2EFA8DB2}.Debug|x64.ActiveCfg = Debug|x64
		{7E636B64-DA9D-4711-9F5D-4E1C2EFA8DB2}.Debug|x64.Build.0 = Debug|x64
		{7E636B64-DA9D-4711-9F5D-4E1C2EFA8DB2}.No Trace|Win32.ActiveCfg = No Trace|Win32
		{7E636B64-DA9D-4711-9F5D-4E1C2EFA8DB2}.No Trace|Win32.Build.0 = No Trace|Win32
		{7E636B64-DA9D-4711-9F5D-4E1C2EFA8DB2}.No Trace|x64.ActiveCfg = No Trace|x64
		{7E636B64-DA9D-4711-9F5D-4E1C2EFA8DB2}.No Trace|x64.Build.0 = No Trace|x64
		{7E636B64-DA9D-4711-9F5D-4E1C2EFA8DB2}.Release|Win32.ActiveCfg = Release|Win32
		{7E636B64-DA9D-4711-9F5D-4E1C2EFA8DB2}.Release|Win32.Build.0 = Release|Win32
		{7E636B64-DA9D-4711-9F5D-4E1C2EFA8DB2}.Release|x64.ActiveCfg = Release|x64
		{7E636B64-DA9D-4711-9F5D-4E1C2EFA8DB2}.Release|x64.Build.0 = Release|x64
		{435616F1-7BA5-4DF5-9108-879BE511F5A1}.Debug|Win32.ActiveCfg = Debug|Win32
		{435616F1-7BA5-4DF5-9108-879BE511F5A1}.Debug|Win32.Build.0 = Debug|Win32
		{435616F1-7BA5-4DF5-9108-879BE511F5A1}.Debug|x64.ActiveCfg = Debug|x64
		{435616F1-7BA5-4DF5-9108-879BE511F5A1}.Debug|x64.Build.0 = Debug|x64
		{435616F1-7BA5-4DF5-9108-879BE511F5A1}.No Trace|Win32.ActiveCfg = No Trace|Win32
		{435616F1-7BA5-4DF5-9108-879BE511F5A1}.No Trace|Win32.Build.0 = No Trace|Win32
		{435616F1-7BA5-4DF5-9108-879BE511F5A1}.No Trace|x64.ActiveCfg = No Trace|x64
		{435616F1-7BA5-4DF5-9108-879BE511F5A1}.No Trace|x64.Build.0 = No Trace|x64
		{435616F1-7BA5-4DF5-9108-879BE511F5A1}.Release|Win32.ActiveCfg = Release|Win32
		{435616F1-7BA5-4DF5-9108-879BE511F5A1}.Release|Win32.Build.0 = Release|Win32
		{435616F1-7BA5-4DF5-9108-879BE511F5A1}.Release|x64.ActiveCfg = Release|x64
		{435616F1-7BA5-4DF5-9108-879BE511F5A1}.Release|x64.Build.0 = Release|x64
		{69150BC5-0FB3-A95A-8F96-0715AC57D34B}.Debug|Win32.ActiveCfg = Debug|Win32
		{69150BC5-0FB3-A95A-8F96-0715AC57D34B}.Debug|Win32.Build.0 = Debug|Win32
		{69150BC5-0FB3-A95A-8F96-0715AC57D34B}.Debug|x64.ActiveCfg = Debug|x64
		{69150BC5-0FB3-A95A-8F96-0715AC57D34B}.Debug|x64.Build.0 = Debug|x64
		{69150BC5-0FB3-A95A-8F96-0715AC57D34B}.No Trace|Win32.ActiveCfg = No Trace|Win32
		{69150BC5-0FB3-A95A-8F96-0715AC57D34B}.No Trace|Win32.Build.0 = No Trace|Win32
		{69150BC5-0FB3-A95A-8F96-0715AC57D34B}.No Trace|x64.ActiveCfg = No Trace|x64
		{69150BC5-0FB3-A95A-8F96-0715AC57D34B}.No Trace|x64.Build.0 = No Trace|x64
		{69150BC5-0FB3-A95A-8F96-0715AC57D34B}.Release|Win32.ActiveCfg = Release|Win32
		{69150BC5-0FB3-A95A-8F96-0715AC57D34B}.Release|Win32.Build.0 = Release|Win32
		{69150BC5-0FB3-A95A-8F96-0715AC57D34B}.Release|x64.ActiveCfg = Release|x64
		{69150BC5-0FB3-A95A-8F96-0715AC57D34B}.Release|x64.Build.0 = Release|x64
		{87578277-AE7F-4B03-A8F8-EBB301EB4EC8}.Debug|Win32.ActiveCfg = Debug|Win32
		{87578277-AE7F-4B03-A8F8-EBB301EB4EC8}.Debug|Win32.Build.0 = Debug|Win32
		{87578277-AE7F-4B03-A8F8-EBB301EB4EC8}.Debug|x64.ActiveCfg = Debug|x64
		{87578277-AE7F-4B03-A8F8-EBB301EB4EC8}.Debug|x64.Build.0 = Debug|x64
		{87578277-AE7F-4B03-A8F8-EBB301EB4EC8}.No Trace|Win32.ActiveCfg = No Trace|Win32
		{87578277-AE7F-4B03-A8F8-EBB301EB4EC8}.No Trace|Win32.Build.0 = No Trace|Win32
		{87578277-AE7F-4B03-A8F8-EBB301EB4EC8}.No Trace|x64.ActiveCfg = No Trace|x64
		{87578277-AE7F-4B03-A8F8-EBB301EB4EC8}.No Trace|x64.Build.0 = No Trace|x64
		{87578277-AE7F-4B03-A8F8-EBB301EB4EC8}.Release|Win32.ActiveCfg = Release|Win32
		{87578277-AE7F-4B03-A8F8-EBB301EB4EC8}.Release|Win32.Build.0 = Release|Win32
		{87578277-AE7F-4B03-A8F8-EBB301EB4EC8}.Release|x64.ActiveCfg = Release|x64
		{87578277-AE7F-4B03-A8F8-EBB301EB4EC8}.Release|x64.Build.0 = Release|x64
		{0CE89CDE-443C-4D09-8CEA-DE61170AB44A}.Debug|Win32.ActiveCfg = Debug|Win32
		{0CE89CDE-443C-4D09-8CEA-DE61170AB44A}.Debug|Win32.Build.0 = Debug|Win32
		{0CE89CDE-443C-4D09-8CEA-DE61170AB44A}.Debug|x64.ActiveCfg = Debug|x64
		{0CE89CDE-443C-4D09-8CEA-DE61170AB44A}.Debug|x64.Build.0 = Debug|x64
		{0CE89CDE-443C-4D09-8CEA-DE61170AB44A}.No Trace|Win32.ActiveCfg = No Trace|Win32
		{0CE89CDE-443C-4D09-8CEA-DE61170AB44A}.No Trace|Win32.Build.0 = No Trace|Win32
		{0CE89CDE-443C-4D09-8CEA-DE61170AB44A}.No Trace|x64.ActiveCfg = No Trace|x64
		{0CE89CDE-443C-4D09-8CEA-DE61170AB44A}.No Trace|x64.Build.0 = No Trace|x64
		{0CE89CDE-443C-4D09-8CEA-DE61170AB44A}.Release|Win32.ActiveCfg = Release|Win32
		{0CE89CDE-443C-4D09-8CEA-DE61170AB44A}.Release|Win32.Build.0 = Release|Win32
		{0CE89CDE-443C-4D09-8CEA-DE61170AB44A}.Release|x64.ActiveCfg = Release|x64
		{0CE89CDE-443C-4D09-8CEA-DE61170AB44A}.Release|x64.Build.0 = Release|x64
		{4F412B34-84BD-4FF9-B64D-81D7A5BBA99B}.Debug|Win32.ActiveCfg = Debug|Win32
		{4F412B34-84BD-4FF9-B64D-81D7A5BBA99B}.Debug|Win32.Build.0 = Debug|Win32
		{4F412B34-84BD-4FF9-B64D-81D7A5BBA99B}.Debug|x64.ActiveCfg = Debug|x64
		{4F412B34-84BD-4FF9-B64D-81D7A5BBA99B}.Debug|x64.Build.0 = Debug|x64
		{4F412B34-84BD-4FF9-B64D-81D7A5BBA99B}.No Trace|Win32.ActiveCfg = No Trace|Win32
		{4F412B34-84BD-4FF9-B64D-81D7A5BBA99B}.No Trace|Win32.Build.0 = No Trace|Win32
		{4F412B34-84BD-4FF9-B64D-81D7A5BBA99B}.No Trace|x64.ActiveCfg = No Trace|x64
		{4F412B34-84BD-4FF9-B64D-81D7A5BBA99B}.No Trace|x64.Build.0 = No Trace|x64
		{4F412B34-84BD-4FF9-B64D-81D7A5BBA99B}.Release|Win32.ActiveCfg = Release|Win32
		{4F412B34-84BD-4FF9-B64D-81D7A5BBA99B}.Release|Win32.Build.0 = Release|Win32
		{4F412B34-84BD-4FF9-B64D-81D7A5BBA99B}.Release|x64.ActiveCfg = Release|x64
		{4F412B34-84BD-4FF9-B64D-81D7A5BBA99B}.Release|x64.Build.0 = Release|x64
		{49F24456-6B80-42C8-88C0-CB30C5E9CF54}.Debug|Win32.ActiveCfg = Debug|Win32
		{49F24456-6B80-42C8-88C0-CB30C5E9CF54}.Debug|Win32.Build.0 = Debug|Win32
		{49F24456-6B80-42C8-88C0-CB30C5E9CF54}.Debug|x64.ActiveCfg = Debug|x64
		{49F24456-6B80-42C8-88C0-CB30C5E9CF54}.Debug|x64.Build.0 = Debug|x64
		{49F24456-6B80-42C8-88C0-CB30C5E9CF54}.No Trace|Win32.ActiveCfg = No Trace|Win32
		{49F24456-6B80-42C8-88C0-CB30C5E9CF54}.No Trace|Win32.Build.0 = No Trace|Win32
		{49F24456-6B80-42C8-88C0-CB30C5E9CF54}.No Trace|x64.ActiveCfg = No Trace|x64
		{49F24456-6B80-42C8-88C0-CB30C5E9CF54}.No Trace|x64.Build.0 = No Trace|x64
		{49F24456-6B80-42C8-88C0-CB30C5E9CF54}.Release|Win32.ActiveCfg = Release|Win32
		{49F24456-6B80-42C8-88C0-CB30C5E9CF54}.Release|Win32.Build.0 = Release|Win32
		{49F24456-6B80-42C8-88C0-CB30C5E9CF54}.Release|x64.ActiveCfg = Release|x64
		{49F24456-6B80-42C8-88C0-CB30C5E9CF54}.Release|x64.Build.0 = Release|x64
		{94CDC619-B4DB-42E7-9B69-E33FDA1D3482}.Debug|Win32.ActiveCfg = Debug|Win32
		{94CDC619-B4DB-42E7-9B69-E33FDA1D3482}.Debug|Win32.Build.0 = Debug|Win32
		{94CDC619-B4DB-42E7-9B69-E33FDA1D3482}.Debug|x64.ActiveCfg = Debug|x64
		{94CDC619-B4DB-42E7-9B69-E33FDA1D3482}.Debug|x64.Build.0 = Debug|x64
		{94CDC619-B4DB-42E7-9B69-E33FDA1D3482}.No Trace|Win32.ActiveCfg = No Trace|Win32
		{94CDC619-B4DB-42E7-9B69-E33FDA1D3482}.No Trace|Win32.Build.0 = No Trace|Win32
		{94CDC619-B4DB-42E7-9B69-E33FDA1D3482}.No Trace|x64.ActiveCfg = No Trace|x64
		{94CDC619-B4DB-42E7-9B69-E33FDA1D3482}.No Trace|x64.Build.0 = No Trace|x64
		{94CDC619-B4DB-42E7-9B69-E33FDA1D3482}.Release|Win32.ActiveCfg = Release|Win32
		{94CDC619-B4DB-42E7-9B69-E33FDA1D3482}.Release|Win32.Build.0 = Release|Win32
		{94CDC619-B4DB-42E7-9B69-E33FDA1D3482}.Release|x64.ActiveCfg = Release|x64
		{94CDC619-B4DB-42E7-9B69-E33FDA1D3482}.Release|x64.Build.0 = Release|x64
		{93969422-D25F-4C89-A24E-B6B3AC597380}.Debug|Win32.ActiveCfg = Debug|Win32
		{93969422-D25F-4C89-A24E-B6B3AC597380}.Debug|Win32.Build.0 = Debug|Win32
		{93969422-D25F-4C89-A24E-B6B3AC597380}.Debug|x64.ActiveCfg = Debug|x64
		{93969422-D25F-4C89-A24E-B6B3AC597380}.Debug|x64.Build.0 = Debug|x64
		{93969422-D25F-4C89-A24E-B6B3AC597380}.No Trace|Win32.ActiveCfg = No Trace|Win32
		{93969422-D25F-4C89-A24E-B6B3AC597380}.No Trace|Win32.Build.0 = No Trace|Win32
		{93969422-D25F-4C89-A24E-B6B3AC597380}.No Trace|x64.ActiveCfg = No Trace|x64
		{93969422-D25F-4C89-A24E-B6B3AC597380}.No Trace|x64.Build.0 = No Trace|x64
		{93969422-D25F-4C89-A24E-B6B3AC597380}.Release|Win32.ActiveCfg = Release|Win32
		{93969422-D25F-4C89-A24E-B6B3AC597380}.Release|Win32.Build.0 = Release|Win32
		{93969422-D25F-4C89-A24E-B6B3AC597380}.Release|x64.ActiveCfg = Release|x64
		{93969422-D25F-4C89-A24E-B6B3AC597380}.Release|x64.Build.0 = Release|x64
		{F9A6DEF5-0329-4651-B05C-A3FAE105CA4E}.Debug|Win32.ActiveCfg = Debug|Win32
		{F9A6DEF5-0329-4651-B05C-A3FAE105CA4E}.Debug|Win32.Build.0 = Debug|Win32
		{F9A6DEF5-0329-4651-B05C-A3FAE105CA4E}.Debug|x64.ActiveCfg = Debug|Win32
		{F9A6DEF5-0329-4651-B05C-A3FAE105CA4E}.No Trace|Win32.ActiveCfg = No Trace|Win32
		{F9A6DEF5-0329-4651-B05C-A3FAE105CA4E}.No Trace|Win32.Build.0 = No Trace|Win32
		{F9A6DEF5-0329-4651-B05C-A3FAE105CA4E}.No Trace|x64.ActiveCfg = No Trace|Win32
		{F9A6DEF5-0329-4651-B05C-A3FAE105CA4E}.Release|Win32.ActiveCfg = Release|Win32
		{F9A6DEF5-0329-4651-B05C-A3FAE105CA4E}.Release|Win32.Build.0 = Release|Win32
		{F9A6DEF5-0329-4651-B05C-A3FAE105CA4E}.Release|x64.ActiveCfg = Release|Win32
		{8298F530-F757-4E34-A6A5-DCCEEF9FC842}.Debug|Win32.ActiveCfg = Debug|Win32
		{8298F530-F757-4E34-A6A5-DCCEEF9FC842}.Debug|Win32.Build.0 = Debug|Win32
		{8298F530-F757-4E34-A6A5-DCCEEF9FC842}.Debug|x64.ActiveCfg = Debug|x64
		{8298F530-F757-4E34-A6A5-DCCEEF9FC842}.Debug|x64.Build.0 = Debug|x64
		{8298F530-F757-4E34-A6A5-DCCEEF9FC842}.No Trace|Win32.ActiveCfg = No Trace|Win32
		{8298F530-F757-4E34-A6A5-DCCEEF9FC842}.No Trace|Win32.Build.0 = No Trace|Win32
		{8298F530-F757-4E34-A6A5-DCCEEF9FC842}.No Trace|x64.ActiveCfg = No Trace|x64
		{8298F530-F757-4E34-A6A5-DCCEEF9FC842}.No Trace|x64.Build.0 = No Trace|x64
		{8298F530-F757-4E34-A6A5-DCCEEF9FC842}.Release|Win32.ActiveCfg = Release|Win32
		{8298F530-F757-4E34-A6A5-DCCEEF9FC842}.Release|Win32.Build.0 = Release|Win32
		{8298F530-F757-4E34-A6A5-DCCEEF9FC842}.Release|x64.ActiveCfg = Release|x64
		{8298F530-F757-4E34-A6A5-DCCEEF9FC842}.Release|x64.Build.0 = Release|x64
		{7E93C0CA-6DE9-4CD4-B22D-19A1BA8B02A9}.Debug|Win32.ActiveCfg = Debug|Win32
		{7E93C0CA-6DE9-4CD4-B22D-19A1BA8B02A9}.Debug|Win32.Build.0 = Debug|Win32
		{7E93C0CA-6DE9-4CD4-B22D-19A1BA8B02A9}.Debug|x64.ActiveCfg = Debug|x64
		{7E93C0CA-6DE9-4CD4-B22D-19A1BA8B02A9}.Debug|x64.Build.0 = Debug|x64
		{7E93C0CA-6DE9-4CD4-B22D-19A1BA8B02A9}.No Trace|Win32.ActiveCfg = No Trace|Win32
		{7E93C0CA-6DE9-4CD4-B22D-19A1BA8B02A9}.No Trace|Win32.Build.0 = No Trace|Win32
		{7E93C0CA-6DE9-4CD4-B22D-19A1BA8B02A9}.No Trace|x64.ActiveCfg = No Trace|x64
		{7E93C0CA-6DE9-4CD4-B22D-19A1BA8B02A9}.No Trace|x64.Build.0 = No Trace|x64
		{7E93C0CA-6DE9-4CD4-B22D-19A1BA8B02A9}.Release|Win32.ActiveCfg = Release|Win32
		{7E93C0CA-6DE9-4CD4-B22D-19A1BA8B02A9}.Release|Win32.Build.0 = Release|Win32
		{7E93C0CA-6DE9-4CD4-B22D-19A1BA8B02A9}.Release|x64.ActiveCfg = Release|x64
		{7E93C0CA-6DE9-4CD4-B22D-19A1BA8B02A9}.Release|x64.Build.0 = Release|x64
	EndGlobalSection
	GlobalSection(SolutionProperties) = preSolution
		HideSolutionNode = FALSE
	EndGlobalSection
EndGlobal
