Microsoft Visual Studio Solution File, Format Version 9.00
# Visual C++ Express 2005
Project("{8BC9CEB8-8B4A-11D0-8D11-00A0C91BC942}") = "Console", "src\ptlib\msos\Console_2005.vcproj", "{D11E1C9D-406C-4D7C-8F37-913C0BFD9E0D}"
EndProject
Project("{8BC9CEB8-8B4A-11D0-8D11-00A0C91BC942}") = "MergeSym", "tools\MergeSym\MergeSym_2005.vcproj", "{F34BE504-015A-42E6-9342-3800EAD5F561}"
	ProjectSection(ProjectDependencies) = postProject
		{D11E1C9D-406C-4D7C-8F37-913C0BFD9E0D} = {D11E1C9D-406C-4D7C-8F37-913C0BFD9E0D}
	EndProjectSection
EndProject
Project("{8BC9CEB8-8B4A-11D0-8D11-00A0C91BC942}") = "PTLib", "src\ptlib\msos\PTLib_2005.vcproj", "{85F4F26A-1A5D-4685-A48A-448102C5C5BC}"
	ProjectSection(ProjectDependencies) = postProject
		{F34BE504-015A-42E6-9342-3800EAD5F561} = {F34BE504-015A-42E6-9342-3800EAD5F561}
		{D11E1C9D-406C-4D7C-8F37-913C0BFD9E0D} = {D11E1C9D-406C-4D7C-8F37-913C0BFD9E0D}
	EndProjectSection
EndProject
Project("{8BC9CEB8-8B4A-11D0-8D11-00A0C91BC942}") = "configure", "tools\configure\configure_2005.vcproj", "{9C8D0100-6709-4628-9993-69F443AF69E8}"
EndProject
Global
	GlobalSection(SolutionConfigurationPlatforms) = preSolution
		Debug|Win32 = Debug|Win32
		Pseudo-Debug|Win32 = Pseudo-Debug|Win32
		Release|Win32 = Release|Win32
	EndGlobalSection
	GlobalSection(ProjectConfigurationPlatforms) = postSolution
		{D11E1C9D-406C-4D7C-8F37-913C0BFD9E0D}.Debug|Win32.ActiveCfg = Debug|Win32
		{D11E1C9D-406C-4D7C-8F37-913C0BFD9E0D}.Debug|Win32.Build.0 = Debug|Win32
		{D11E1C9D-406C-4D7C-8F37-913C0BFD9E0D}.Pseudo-Debug|Win32.ActiveCfg = Debug|Win32
		{D11E1C9D-406C-4D7C-8F37-913C0BFD9E0D}.Release|Win32.ActiveCfg = Release|Win32
		{D11E1C9D-406C-4D7C-8F37-913C0BFD9E0D}.Release|Win32.Build.0 = Release|Win32
		{F34BE504-015A-42E6-9342-3800EAD5F561}.Debug|Win32.ActiveCfg = Debug|Win32
		{F34BE504-015A-42E6-9342-3800EAD5F561}.Pseudo-Debug|Win32.ActiveCfg = Debug|Win32
		{F34BE504-015A-42E6-9342-3800EAD5F561}.Release|Win32.ActiveCfg = Release|Win32
		{F34BE504-015A-42E6-9342-3800EAD5F561}.Release|Win32.Build.0 = Release|Win32
		{85F4F26A-1A5D-4685-A48A-448102C5C5BC}.Debug|Win32.ActiveCfg = Debug|Win32
		{85F4F26A-1A5D-4685-A48A-448102C5C5BC}.Debug|Win32.Build.0 = Debug|Win32
		{85F4F26A-1A5D-4685-A48A-448102C5C5BC}.Pseudo-Debug|Win32.ActiveCfg = Debug|Win32
		{85F4F26A-1A5D-4685-A48A-448102C5C5BC}.Release|Win32.ActiveCfg = Release|Win32
		{85F4F26A-1A5D-4685-A48A-448102C5C5BC}.Release|Win32.Build.0 = Release|Win32
		{9C8D0100-6709-4628-9993-69F443AF69E8}.Debug|Win32.ActiveCfg = Debug|Win32
		{9C8D0100-6709-4628-9993-69F443AF69E8}.Debug|Win32.Build.0 = Debug|Win32
		{9C8D0100-6709-4628-9993-69F443AF69E8}.Pseudo-Debug|Win32.ActiveCfg = Debug|Win32
		{9C8D0100-6709-4628-9993-69F443AF69E8}.Pseudo-Debug|Win32.Build.0 = Debug|Win32
		{9C8D0100-6709-4628-9993-69F443AF69E8}.Release|Win32.ActiveCfg = Release|Win32
		{9C8D0100-6709-4628-9993-69F443AF69E8}.Release|Win32.Build.0 = Release|Win32
	EndGlobalSection
	GlobalSection(SolutionProperties) = preSolution
		HideSolutionNode = FALSE
	EndGlobalSection
EndGlobal
