<?xml version="1.0" encoding="utf-8"?>
<Project ToolsVersion="4.0" xmlns="http://schemas.microsoft.com/developer/msbuild/2003">
  <ItemGroup>
    <ClCompile Include="hello.cxx" />
    <ClCompile Include="Android\src\ptlib-jni.cpp">
      <Filter>Android</Filter>
    </ClCompile>
  </ItemGroup>
  <ItemGroup>
    <Filter Include="Android">
      <UniqueIdentifier>{972c2708-5c64-44d7-a7d2-40a0a9bb003d}</UniqueIdentifier>
    </Filter>
  </ItemGroup>
  <ItemGroup>
    <None Include="Android\build.xml">
      <Filter>Android</Filter>
    </None>
    <None Include="Android\project.properties">
      <Filter>Android</Filter>
    </None>
    <None Include="Android\AndroidManifest.xml">
      <Filter>Android</Filter>
    </None>
    <None Include="Android\src\PTLibHello.java">
      <Filter>Android</Filter>
    </None>
    <None Include="Android\local.properties">
      <Filter>Android</Filter>
    </None>
    <None Include="Android\ant.properties">
      <Filter>Android</Filter>
    </None>
  </ItemGroup>
</Project>