<?xml version="1.0" encoding="utf-8"?>
<Project ToolsVersion="4.0" xmlns="http://schemas.microsoft.com/developer/msbuild/2003">
  <ItemGroup>
    <ClCompile Include="dllmain.cxx" />
  </ItemGroup>
  <ItemGroup>
    <ResourceCompile Include="libver.rc" />
  </ItemGroup>
  <ItemGroup>
    <CustomBuild Include="..\..\..\lib\Win32\release\dll\PTLib.def">
      <Filter>Win32</Filter>
    </CustomBuild>
    <CustomBuild Include="..\..\..\lib\Win32\debug\dll\PTLibd.def">
      <Filter>Win32</Filter>
    </CustomBuild>
    <CustomBuild Include="..\..\..\lib\Win32\No Trace\dll\PTLibn.def">
      <Filter>Win32</Filter>
    </CustomBuild>
    <CustomBuild Include="..\..\..\lib\x64\Release\dll\PTLib64.def">
      <Filter>Win64</Filter>
    </CustomBuild>
    <CustomBuild Include="..\..\..\lib\x64\Debug\dll\PTLib64d.def">
      <Filter>Win64</Filter>
    </CustomBuild>
    <CustomBuild Include="..\..\..\lib\x64\no trace\dll\PTLib64n.def">
      <Filter>Win64</Filter>
    </CustomBuild>
    <CustomBuild Include="..\..\..\include\ptlib\msos\ptlib.ignore" />
    <CustomBuild Include="..\..\..\include\ptlib\msos\ptlib_2017_x64.dtf">
      <Filter>Win64</Filter>
    </CustomBuild>
    <CustomBuild Include="..\..\..\include\ptlib\msos\ptlibd_2017_x64.dtf">
      <Filter>Win64</Filter>
    </CustomBuild>
    <CustomBuild Include="..\..\..\include\ptlib\msos\ptlibn_2017_x64.dtf">
      <Filter>Win64</Filter>
    </CustomBuild>
    <CustomBuild Include="..\..\..\include\ptlib\msos\ptlib_2017_x86.dtf">
      <Filter>Win32</Filter>
    </CustomBuild>
    <CustomBuild Include="..\..\..\include\ptlib\msos\ptlibd_2017_x86.dtf">
      <Filter>Win32</Filter>
    </CustomBuild>
    <CustomBuild Include="..\..\..\include\ptlib\msos\ptlibn_2017_x86.dtf">
      <Filter>Win32</Filter>
    </CustomBuild>
  </ItemGroup>
  <ItemGroup>
    <Filter Include="Win32">
      <UniqueIdentifier>{0c183152-218e-4bd8-ab15-8dfbd786eabf}</UniqueIdentifier>
    </Filter>
    <Filter Include="Win64">
      <UniqueIdentifier>{9aaddb37-496e-4e2b-9943-da612227b6a8}</UniqueIdentifier>
    </Filter>
  </ItemGroup>
</Project>